// !$*UTF8*$!
{
	archiveVersion = 1;
	classes = {
	};
	objectVersion = 56;
	objects = {

/* Begin PBXBuildFile section */
		6524E7D329B6646B004466BC /* RecipeList.swift in Sources */ = {isa = PBXBuildFile; fileRef = 6524E7D229B6646B004466BC /* RecipeList.swift */; };
		6524E7D629B66CAD004466BC /* RecipeView.swift in Sources */ = {isa = PBXBuildFile; fileRef = 6524E7D529B66CAD004466BC /* RecipeView.swift */; };
		65CEC54D29B4ED6F00F5B341 /* RecipeeApp.swift in Sources */ = {isa = PBXBuildFile; fileRef = 65CEC54C29B4ED6F00F5B341 /* RecipeeApp.swift */; };
		65CEC54F29B4ED6F00F5B341 /* ContentView.swift in Sources */ = {isa = PBXBuildFile; fileRef = 65CEC54E29B4ED6F00F5B341 /* ContentView.swift */; };
		65CEC55129B4ED7100F5B341 /* Assets.xcassets in Resources */ = {isa = PBXBuildFile; fileRef = 65CEC55029B4ED7100F5B341 /* Assets.xcassets */; };
		65CEC55429B4ED7100F5B341 /* Preview Assets.xcassets in Resources */ = {isa = PBXBuildFile; fileRef = 65CEC55329B4ED7100F5B341 /* Preview Assets.xcassets */; };
		65CEC55B29B4EFA300F5B341 /* CategoriesView.swift in Sources */ = {isa = PBXBuildFile; fileRef = 65CEC55A29B4EFA300F5B341 /* CategoriesView.swift */; };
		65CEC55F29B4EFE500F5B341 /* NewRecipee.swift in Sources */ = {isa = PBXBuildFile; fileRef = 65CEC55E29B4EFE500F5B341 /* NewRecipee.swift */; };
		65CEC56129B4EFFD00F5B341 /* FavoritesView.swift in Sources */ = {isa = PBXBuildFile; fileRef = 65CEC56029B4EFFD00F5B341 /* FavoritesView.swift */; };
		65CEC56329B4F03A00F5B341 /* SettingsView.swift in Sources */ = {isa = PBXBuildFile; fileRef = 65CEC56229B4F03A00F5B341 /* SettingsView.swift */; };
		65CEC56629B4F21B00F5B341 /* HomeView.swift in Sources */ = {isa = PBXBuildFile; fileRef = 65CEC56529B4F21B00F5B341 /* HomeView.swift */; };
		65CEC56829B4F58900F5B341 /* TabBar.swift in Sources */ = {isa = PBXBuildFile; fileRef = 65CEC56729B4F58900F5B341 /* TabBar.swift */; };
		65CEC56C29B4FD8500F5B341 /* RecipeModel.swift in Sources */ = {isa = PBXBuildFile; fileRef = 65CEC56B29B4FD8500F5B341 /* RecipeModel.swift */; };
		65E1F8F229B5BA4D00A0CFA6 /* RecipeCard.swift in Sources */ = {isa = PBXBuildFile; fileRef = 65E1F8F129B5BA4D00A0CFA6 /* RecipeCard.swift */; };
/* End PBXBuildFile section */

/* Begin PBXFileReference section */
		6524E7D229B6646B004466BC /* RecipeList.swift */ = {isa = PBXFileReference; lastKnownFileType = sourcecode.swift; path = RecipeList.swift; sourceTree = "<group>"; };
		6524E7D529B66CAD004466BC /* RecipeView.swift */ = {isa = PBXFileReference; lastKnownFileType = sourcecode.swift; path = RecipeView.swift; sourceTree = "<group>"; };
		65CEC54929B4ED6F00F5B341 /* Recipee.app */ = {isa = PBXFileReference; explicitFileType = wrapper.application; includeInIndex = 0; path = Recipee.app; sourceTree = BUILT_PRODUCTS_DIR; };
		65CEC54C29B4ED6F00F5B341 /* RecipeeApp.swift */ = {isa = PBXFileReference; lastKnownFileType = sourcecode.swift; path = RecipeeApp.swift; sourceTree = "<group>"; };
		65CEC54E29B4ED6F00F5B341 /* ContentView.swift */ = {isa = PBXFileReference; lastKnownFileType = sourcecode.swift; path = ContentView.swift; sourceTree = "<group>"; };
		65CEC55029B4ED7100F5B341 /* Assets.xcassets */ = {isa = PBXFileReference; lastKnownFileType = folder.assetcatalog; path = Assets.xcassets; sourceTree = "<group>"; };
		65CEC55329B4ED7100F5B341 /* Preview Assets.xcassets */ = {isa = PBXFileReference; lastKnownFileType = folder.assetcatalog; path = "Preview Assets.xcassets"; sourceTree = "<group>"; };
		65CEC55A29B4EFA300F5B341 /* CategoriesView.swift */ = {isa = PBXFileReference; lastKnownFileType = sourcecode.swift; path = CategoriesView.swift; sourceTree = "<group>"; };
		65CEC55E29B4EFE500F5B341 /* NewRecipee.swift */ = {isa = PBXFileReference; lastKnownFileType = sourcecode.swift; path = NewRecipee.swift; sourceTree = "<group>"; };
		65CEC56029B4EFFD00F5B341 /* FavoritesView.swift */ = {isa = PBXFileReference; lastKnownFileType = sourcecode.swift; path = FavoritesView.swift; sourceTree = "<group>"; };
		65CEC56229B4F03A00F5B341 /* SettingsView.swift */ = {isa = PBXFileReference; lastKnownFileType = sourcecode.swift; path = SettingsView.swift; sourceTree = "<group>"; };
		65CEC56529B4F21B00F5B341 /* HomeView.swift */ = {isa = PBXFileReference; lastKnownFileType = sourcecode.swift; path = HomeView.swift; sourceTree = "<group>"; };
		65CEC56729B4F58900F5B341 /* TabBar.swift */ = {isa = PBXFileReference; lastKnownFileType = sourcecode.swift; path = TabBar.swift; sourceTree = "<group>"; };
		65CEC56B29B4FD8500F5B341 /* RecipeModel.swift */ = {isa = PBXFileReference; lastKnownFileType = sourcecode.swift; path = RecipeModel.swift; sourceTree = "<group>"; };
		65E1F8F129B5BA4D00A0CFA6 /* RecipeCard.swift */ = {isa = PBXFileReference; lastKnownFileType = sourcecode.swift; path = RecipeCard.swift; sourceTree = "<group>"; };
/* End PBXFileReference section */

/* Begin PBXFrameworksBuildPhase section */
		65CEC54629B4ED6F00F5B341 /* Frameworks */ = {
			isa = PBXFrameworksBuildPhase;
			buildActionMask = 2147483647;
			files = (
			);
			runOnlyForDeploymentPostprocessing = 0;
		};
/* End PBXFrameworksBuildPhase section */

/* Begin PBXGroup section */
		6524E7D429B66C88004466BC /* Detail */ = {
			isa = PBXGroup;
			children = (
				6524E7D529B66CAD004466BC /* RecipeView.swift */,
			);
			path = Detail;
			sourceTree = "<group>";
		};
		65CEC54029B4ED6F00F5B341 = {
			isa = PBXGroup;
			children = (
				65CEC54B29B4ED6F00F5B341 /* Recipee */,
				65CEC54A29B4ED6F00F5B341 /* Products */,
			);
			sourceTree = "<group>";
		};
		65CEC54A29B4ED6F00F5B341 /* Products */ = {
			isa = PBXGroup;
			children = (
				65CEC54929B4ED6F00F5B341 /* Recipee.app */,
			);
			name = Products;
			sourceTree = "<group>";
		};
		65CEC54B29B4ED6F00F5B341 /* Recipee */ = {
			isa = PBXGroup;
			children = (
				6524E7D429B66C88004466BC /* Detail */,
				65CEC54C29B4ED6F00F5B341 /* RecipeeApp.swift */,
				65CEC56A29B4FD4F00F5B341 /* Model */,
				65CEC56429B4F07200F5B341 /* Views */,
				65E1F8F029B5B9D300A0CFA6 /* Components */,
				65CEC55029B4ED7100F5B341 /* Assets.xcassets */,
				65CEC55229B4ED7100F5B341 /* Preview Content */,
			);
			path = Recipee;
			sourceTree = "<group>";
		};
		65CEC55229B4ED7100F5B341 /* Preview Content */ = {
			isa = PBXGroup;
			children = (
				65CEC55329B4ED7100F5B341 /* Preview Assets.xcassets */,
			);
			path = "Preview Content";
			sourceTree = "<group>";
		};
		65CEC56429B4F07200F5B341 /* Views */ = {
			isa = PBXGroup;
			children = (
				65CEC54E29B4ED6F00F5B341 /* ContentView.swift */,
				65CEC56729B4F58900F5B341 /* TabBar.swift */,
				65CEC56529B4F21B00F5B341 /* HomeView.swift */,
				65CEC55A29B4EFA300F5B341 /* CategoriesView.swift */,
				65CEC55E29B4EFE500F5B341 /* NewRecipee.swift */,
				65CEC56029B4EFFD00F5B341 /* FavoritesView.swift */,
				65CEC56229B4F03A00F5B341 /* SettingsView.swift */,
			);
			path = Views;
			sourceTree = "<group>";
		};
		65CEC56A29B4FD4F00F5B341 /* Model */ = {
			isa = PBXGroup;
			children = (
				65CEC56B29B4FD8500F5B341 /* RecipeModel.swift */,
			);
			path = Model;
			sourceTree = "<group>";
		};
		65E1F8F029B5B9D300A0CFA6 /* Components */ = {
			isa = PBXGroup;
			children = (
				65E1F8F129B5BA4D00A0CFA6 /* RecipeCard.swift */,
				6524E7D229B6646B004466BC /* RecipeList.swift */,
			);
			path = Components;
			sourceTree = "<group>";
		};
/* End PBXGroup section */

/* Begin PBXNativeTarget section */
		65CEC54829B4ED6F00F5B341 /* Recipee */ = {
			isa = PBXNativeTarget;
			buildConfigurationList = 65CEC55729B4ED7100F5B341 /* Build configuration list for PBXNativeTarget "Recipee" */;
			buildPhases = (
				65CEC54529B4ED6F00F5B341 /* Sources */,
				65CEC54629B4ED6F00F5B341 /* Frameworks */,
				65CEC54729B4ED6F00F5B341 /* Resources */,
			);
			buildRules = (
			);
			dependencies = (
			);
			name = Recipee;
			productName = Recipee;
			productReference = 65CEC54929B4ED6F00F5B341 /* Recipee.app */;
			productType = "com.apple.product-type.application";
		};
/* End PBXNativeTarget section */

/* Begin PBXProject section */
		65CEC54129B4ED6F00F5B341 /* Project object */ = {
			isa = PBXProject;
			attributes = {
				BuildIndependentTargetsInParallel = 1;
				LastSwiftUpdateCheck = 1400;
				LastUpgradeCheck = 1400;
				TargetAttributes = {
					65CEC54829B4ED6F00F5B341 = {
						CreatedOnToolsVersion = 14.0.1;
					};
				};
			};
			buildConfigurationList = 65CEC54429B4ED6F00F5B341 /* Build configuration list for PBXProject "Recipee" */;
			compatibilityVersion = "Xcode 14.0";
			developmentRegion = en;
			hasScannedForEncodings = 0;
			knownRegions = (
				en,
				Base,
			);
			mainGroup = 65CEC54029B4ED6F00F5B341;
			productRefGroup = 65CEC54A29B4ED6F00F5B341 /* Products */;
			projectDirPath = "";
			projectRoot = "";
			targets = (
				65CEC54829B4ED6F00F5B341 /* Recipee */,
			);
		};
/* End PBXProject section */

/* Begin PBXResourcesBuildPhase section */
		65CEC54729B4ED6F00F5B341 /* Resources */ = {
			isa = PBXResourcesBuildPhase;
			buildActionMask = 2147483647;
			files = (
				65CEC55429B4ED7100F5B341 /* Preview Assets.xcassets in Resources */,
				65CEC55129B4ED7100F5B341 /* Assets.xcassets in Resources */,
			);
			runOnlyForDeploymentPostprocessing = 0;
		};
/* End PBXResourcesBuildPhase section */

/* Begin PBXSourcesBuildPhase section */
		65CEC54529B4ED6F00F5B341 /* Sources */ = {
			isa = PBXSourcesBuildPhase;
			buildActionMask = 2147483647;
			files = (
				65CEC56129B4EFFD00F5B341 /* FavoritesView.swift in Sources */,
				65E1F8F229B5BA4D00A0CFA6 /* RecipeCard.swift in Sources */,
				65CEC56629B4F21B00F5B341 /* HomeView.swift in Sources */,
				65CEC54F29B4ED6F00F5B341 /* ContentView.swift in Sources */,
				65CEC56829B4F58900F5B341 /* TabBar.swift in Sources */,
				65CEC54D29B4ED6F00F5B341 /* RecipeeApp.swift in Sources */,
				6524E7D629B66CAD004466BC /* RecipeView.swift in Sources */,
				6524E7D329B6646B004466BC /* RecipeList.swift in Sources */,
				65CEC56329B4F03A00F5B341 /* SettingsView.swift in Sources */,
				65CEC55F29B4EFE500F5B341 /* NewRecipee.swift in Sources */,
				65CEC55B29B4EFA300F5B341 /* CategoriesView.swift in Sources */,
				65CEC56C29B4FD8500F5B341 /* RecipeModel.swift in Sources */,
			);
			runOnlyForDeploymentPostprocessing = 0;
		};
/* End PBXSourcesBuildPhase section */

/* Begin XCBuildConfiguration section */
		65CEC55529B4ED7100F5B341 /* Debug */ = {
			isa = XCBuildConfiguration;
			buildSettings = {
				ALWAYS_SEARCH_USER_PATHS = NO;
				CLANG_ANALYZER_NONNULL = YES;
				CLANG_ANALYZER_NUMBER_OBJECT_CONVERSION = YES_AGGRESSIVE;
				CLANG_CXX_LANGUAGE_STANDARD = "gnu++20";
				CLANG_ENABLE_MODULES = YES;
				CLANG_ENABLE_OBJC_ARC = YES;
				CLANG_ENABLE_OBJC_WEAK = YES;
				CLANG_WARN_BLOCK_CAPTURE_AUTORELEASING = YES;
				CLANG_WARN_BOOL_CONVERSION = YES;
				CLANG_WARN_COMMA = YES;
				CLANG_WARN_CONSTANT_CONVERSION = YES;
				CLANG_WARN_DEPRECATED_OBJC_IMPLEMENTATIONS = YES;
				CLANG_WARN_DIRECT_OBJC_ISA_USAGE = YES_ERROR;
				CLANG_WARN_DOCUMENTATION_COMMENTS = YES;
				CLANG_WARN_EMPTY_BODY = YES;
				CLANG_WARN_ENUM_CONVERSION = YES;
				CLANG_WARN_INFINITE_RECURSION = YES;
				CLANG_WARN_INT_CONVERSION = YES;
				CLANG_WARN_NON_LITERAL_NULL_CONVERSION = YES;
				CLANG_WARN_OBJC_IMPLICIT_RETAIN_SELF = YES;
				CLANG_WARN_OBJC_LITERAL_CONVERSION = YES;
				CLANG_WARN_OBJC_ROOT_CLASS = YES_ERROR;
				CLANG_WARN_QUOTED_INCLUDE_IN_FRAMEWORK_HEADER = YES;
				CLANG_WARN_RANGE_LOOP_ANALYSIS = YES;
				CLANG_WARN_STRICT_PROTOTYPES = YES;
				CLANG_WARN_SUSPICIOUS_MOVE = YES;
				CLANG_WARN_UNGUARDED_AVAILABILITY = YES_AGGRESSIVE;
				CLANG_WARN_UNREACHABLE_CODE = YES;
				CLANG_WARN__DUPLICATE_METHOD_MATCH = YES;
				COPY_PHASE_STRIP = NO;
				DEBUG_INFORMATION_FORMAT = dwarf;
				ENABLE_STRICT_OBJC_MSGSEND = YES;
				ENABLE_TESTABILITY = YES;
				GCC_C_LANGUAGE_STANDARD = gnu11;
				GCC_DYNAMIC_NO_PIC = NO;
				GCC_NO_COMMON_BLOCKS = YES;
				GCC_OPTIMIZATION_LEVEL = 0;
				GCC_PREPROCESSOR_DEFINITIONS = (
					"DEBUG=1",
					"$(inherited)",
				);
				GCC_WARN_64_TO_32_BIT_CONVERSION = YES;
				GCC_WARN_ABOUT_RETURN_TYPE = YES_ERROR;
				GCC_WARN_UNDECLARED_SELECTOR = YES;
				GCC_WARN_UNINITIALIZED_AUTOS = YES_AGGRESSIVE;
				GCC_WARN_UNUSED_FUNCTION = YES;
				GCC_WARN_UNUSED_VARIABLE = YES;
				IPHONEOS_DEPLOYMENT_TARGET = 16.0;
				MTL_ENABLE_DEBUG_INFO = INCLUDE_SOURCE;
				MTL_FAST_MATH = YES;
				ONLY_ACTIVE_ARCH = YES;
				SDKROOT = iphoneos;
				SWIFT_ACTIVE_COMPILATION_CONDITIONS = DEBUG;
				SWIFT_OPTIMIZATION_LEVEL = "-Onone";
			};
			name = Debug;
		};
		65CEC55629B4ED7100F5B341 /* Release */ = {
			isa = XCBuildConfiguration;
			buildSettings = {
				ALWAYS_SEARCH_USER_PATHS = NO;
				CLANG_ANALYZER_NONNULL = YES;
				CLANG_ANALYZER_NUMBER_OBJECT_CONVERSION = YES_AGGRESSIVE;
				CLANG_CXX_LANGUAGE_STANDARD = "gnu++20";
				CLANG_ENABLE_MODULES = YES;
				CLANG_ENABLE_OBJC_ARC = YES;
				CLANG_ENABLE_OBJC_WEAK = YES;
				CLANG_WARN_BLOCK_CAPTURE_AUTORELEASING = YES;
				CLANG_WARN_BOOL_CONVERSION = YES;
				CLANG_WARN_COMMA = YES;
				CLANG_WARN_CONSTANT_CONVERSION = YES;
				CLANG_WARN_DEPRECATED_OBJC_IMPLEMENTATIONS = YES;
				CLANG_WARN_DIRECT_OBJC_ISA_USAGE = YES_ERROR;
				CLANG_WARN_DOCUMENTATION_COMMENTS = YES;
				CLANG_WARN_EMPTY_BODY = YES;
				CLANG_WARN_ENUM_CONVERSION = YES;
				CLANG_WARN_INFINITE_RECURSION = YES;
				CLANG_WARN_INT_CONVERSION = YES;
				CLANG_WARN_NON_LITERAL_NULL_CONVERSION = YES;
				CLANG_WARN_OBJC_IMPLICIT_RETAIN_SELF = YES;
				CLANG_WARN_OBJC_LITERAL_CONVERSION = YES;
				CLANG_WARN_OBJC_ROOT_CLASS = YES_ERROR;
				CLANG_WARN_QUOTED_INCLUDE_IN_FRAMEWORK_HEADER = YES;
				CLANG_WARN_RANGE_LOOP_ANALYSIS = YES;
				CLANG_WARN_STRICT_PROTOTYPES = YES;
				CLANG_WARN_SUSPICIOUS_MOVE = YES;
				CLANG_WARN_UNGUARDED_AVAILABILITY = YES_AGGRESSIVE;
				CLANG_WARN_UNREACHABLE_CODE = YES;
				CLANG_WARN__DUPLICATE_METHOD_MATCH = YES;
				COPY_PHASE_STRIP = NO;
				DEBUG_INFORMATION_FORMAT = "dwarf-with-dsym";
				ENABLE_NS_ASSERTIONS = NO;
				ENABLE_STRICT_OBJC_MSGSEND = YES;
				GCC_C_LANGUAGE_STANDARD = gnu11;
				GCC_NO_COMMON_BLOCKS = YES;
				GCC_WARN_64_TO_32_BIT_CONVERSION = YES;
				GCC_WARN_ABOUT_RETURN_TYPE = YES_ERROR;
				GCC_WARN_UNDECLARED_SELECTOR = YES;
				GCC_WARN_UNINITIALIZED_AUTOS = YES_AGGRESSIVE;
				GCC_WARN_UNUSED_FUNCTION = YES;
				GCC_WARN_UNUSED_VARIABLE = YES;
				IPHONEOS_DEPLOYMENT_TARGET = 16.0;
				MTL_ENABLE_DEBUG_INFO = NO;
				MTL_FAST_MATH = YES;
				SDKROOT = iphoneos;
				SWIFT_COMPILATION_MODE = wholemodule;
				SWIFT_OPTIMIZATION_LEVEL = "-O";
				VALIDATE_PRODUCT = YES;
			};
			name = Release;
		};
		65CEC55829B4ED7100F5B341 /* Debug */ = {
			isa = XCBuildConfiguration;
			buildSettings = {
				ASSETCATALOG_COMPILER_APPICON_NAME = AppIcon;
				ASSETCATALOG_COMPILER_GLOBAL_ACCENT_COLOR_NAME = AccentColor;
				CODE_SIGN_STYLE = Automatic;
				CURRENT_PROJECT_VERSION = 1;
				DEVELOPMENT_ASSET_PATHS = "\"Recipee/Preview Content\"";
				DEVELOPMENT_TEAM = TNDSG59C74;
				ENABLE_PREVIEWS = YES;
				GENERATE_INFOPLIST_FILE = YES;
				INFOPLIST_KEY_UIApplicationSceneManifest_Generation = YES;
				INFOPLIST_KEY_UIApplicationSupportsIndirectInputEvents = YES;
				INFOPLIST_KEY_UILaunchScreen_Generation = YES;
				INFOPLIST_KEY_UISupportedInterfaceOrientations_iPad = "UIInterfaceOrientationPortrait UIInterfaceOrientationPortraitUpsideDown UIInterfaceOrientationLandscapeLeft UIInterfaceOrientationLandscapeRight";
				INFOPLIST_KEY_UISupportedInterfaceOrientations_iPhone = "UIInterfaceOrientationPortrait UIInterfaceOrientationLandscapeLeft UIInterfaceOrientationLandscapeRight";
				LD_RUNPATH_SEARCH_PATHS = (
					"$(inherited)",
					"@executable_path/Frameworks",
				);
				MARKETING_VERSION = 1.0;
				PRODUCT_BUNDLE_IDENTIFIER = domain.Recipee;
				PRODUCT_NAME = "$(TARGET_NAME)";
				SWIFT_EMIT_LOC_STRINGS = YES;
				SWIFT_VERSION = 5.0;
				TARGETED_DEVICE_FAMILY = "1,2";
			};
			name = Debug;
		};
		65CEC55929B4ED7100F5B341 /* Release */ = {
			isa = XCBuildConfiguration;
			buildSettings = {
				ASSETCATALOG_COMPILER_APPICON_NAME = AppIcon;
				ASSETCATALOG_COMPILER_GLOBAL_ACCENT_COLOR_NAME = AccentColor;
				CODE_SIGN_STYLE = Automatic;
				CURRENT_PROJECT_VERSION = 1;
				DEVELOPMENT_ASSET_PATHS = "\"Recipee/Preview Content\"";
				DEVELOPMENT_TEAM = TNDSG59C74;
				ENABLE_PREVIEWS = YES;
				GENERATE_INFOPLIST_FILE = YES;
				INFOPLIST_KEY_UIApplicationSceneManifest_Generation = YES;
				INFOPLIST_KEY_UIApplicationSupportsIndirectInputEvents = YES;
				INFOPLIST_KEY_UILaunchScreen_Generation = YES;
				INFOPLIST_KEY_UISupportedInterfaceOrientations_iPad = "UIInterfaceOrientationPortrait UIInterfaceOrientationPortraitUpsideDown UIInterfaceOrientationLandscapeLeft UIInterfaceOrientationLandscapeRight";
				INFOPLIST_KEY_UISupportedInterfaceOrientations_iPhone = "UIInterfaceOrientationPortrait UIInterfaceOrientationLandscapeLeft UIInterfaceOrientationLandscapeRight";
				LD_RUNPATH_SEARCH_PATHS = (
					"$(inherited)",
					"@executable_path/Frameworks",
				);
				MARKETING_VERSION = 1.0;
				PRODUCT_BUNDLE_IDENTIFIER = domain.Recipee;
				PRODUCT_NAME = "$(TARGET_NAME)";
				SWIFT_EMIT_LOC_STRINGS = YES;
				SWIFT_VERSION = 5.0;
				TARGETED_DEVICE_FAMILY = "1,2";
			};
			name = Release;
		};
/* End XCBuildConfiguration section */

/* Begin XCConfigurationList section */
		65CEC54429B4ED6F00F5B341 /* Build configuration list for PBXProject "Recipee" */ = {
			isa = XCConfigurationList;
			buildConfigurations = (
				65CEC55529B4ED7100F5B341 /* Debug */,
				65CEC55629B4ED7100F5B341 /* Release */,
			);
			defaultConfigurationIsVisible = 0;
			defaultConfigurationName = Release;
		};
		65CEC55729B4ED7100F5B341 /* Build configuration list for PBXNativeTarget "Recipee" */ = {
			isa = XCConfigurationList;
			buildConfigurations = (
				65CEC55829B4ED7100F5B341 /* Debug */,
				65CEC55929B4ED7100F5B341 /* Release */,
			);
			defaultConfigurationIsVisible = 0;
			defaultConfigurationName = Release;
		};
/* End XCConfigurationList section */
	};
	rootObject = 65CEC54129B4ED6F00F5B341 /* Project object */;
}
